
Microsoft Visual Studio Solution File, Format Version 12.00
# Visual Studio 15
VisualStudioVersion = 15.0.26124.0
MinimumVisualStudioVersion = 15.0.26124.0
Project("{FAE04EC0-301F-11D3-BF4B-00C04F79EFBC}") = "RVTR.Lodging.Context", "RVTR.Lodging.Context\RVTR.Lodging.Context.csproj", "{F53E4ACE-CEC9-4EF3-AB63-A070D7E6E74E}"
EndProject
Project("{FAE04EC0-301F-11D3-BF4B-00C04F79EFBC}") = "RVTR.Lodging.Domain", "RVTR.Lodging.Domain\RVTR.Lodging.Domain.csproj", "{CBB0565E-9BAF-4AD1-8FB3-6DFCFB82249B}"
EndProject
Project("{FAE04EC0-301F-11D3-BF4B-00C04F79EFBC}") = "RVTR.Lodging.Service", "RVTR.Lodging.Service\RVTR.Lodging.Service.csproj", "{14007F53-AB98-489C-B724-4670A7DFA5A8}"
EndProject
Project("{FAE04EC0-301F-11D3-BF4B-00C04F79EFBC}") = "RVTR.Lodging.Testing", "RVTR.Lodging.Testing\RVTR.Lodging.Testing.csproj", "{B88B4B8C-B8F2-40AE-9456-38F765EA95D3}"
EndProject
Global
	GlobalSection(SolutionConfigurationPlatforms) = preSolution
		Debug|Any CPU = Debug|Any CPU
		Debug|x64 = Debug|x64
		Debug|x86 = Debug|x86
		Release|Any CPU = Release|Any CPU
		Release|x64 = Release|x64
		Release|x86 = Release|x86
	EndGlobalSection
	GlobalSection(SolutionProperties) = preSolution
		HideSolutionNode = FALSE
	EndGlobalSection
	GlobalSection(ProjectConfigurationPlatforms) = postSolution
		{F53E4ACE-CEC9-4EF3-AB63-A070D7E6E74E}.Debug|Any CPU.ActiveCfg = Debug|Any CPU
		{F53E4ACE-CEC9-4EF3-AB63-A070D7E6E74E}.Debug|Any CPU.Build.0 = Debug|Any CPU
		{F53E4ACE-CEC9-4EF3-AB63-A070D7E6E74E}.Debug|x64.ActiveCfg = Debug|Any CPU
		{F53E4ACE-CEC9-4EF3-AB63-A070D7E6E74E}.Debug|x64.Build.0 = Debug|Any CPU
		{F53E4ACE-CEC9-4EF3-AB63-A070D7E6E74E}.Debug|x86.ActiveCfg = Debug|Any CPU
		{F53E4ACE-CEC9-4EF3-AB63-A070D7E6E74E}.Debug|x86.Build.0 = Debug|Any CPU
		{F53E4ACE-CEC9-4EF3-AB63-A070D7E6E74E}.Release|Any CPU.ActiveCfg = Release|Any CPU
		{F53E4ACE-CEC9-4EF3-AB63-A070D7E6E74E}.Release|Any CPU.Build.0 = Release|Any CPU
		{F53E4ACE-CEC9-4EF3-AB63-A070D7E6E74E}.Release|x64.ActiveCfg = Release|Any CPU
		{F53E4ACE-CEC9-4EF3-AB63-A070D7E6E74E}.Release|x64.Build.0 = Release|Any CPU
		{F53E4ACE-CEC9-4EF3-AB63-A070D7E6E74E}.Release|x86.ActiveCfg = Release|Any CPU
		{F53E4ACE-CEC9-4EF3-AB63-A070D7E6E74E}.Release|x86.Build.0 = Release|Any CPU
		{CBB0565E-9BAF-4AD1-8FB3-6DFCFB82249B}.Debug|Any CPU.ActiveCfg = Debug|Any CPU
		{CBB0565E-9BAF-4AD1-8FB3-6DFCFB82249B}.Debug|Any CPU.Build.0 = Debug|Any CPU
		{CBB0565E-9BAF-4AD1-8FB3-6DFCFB82249B}.Debug|x64.ActiveCfg = Debug|Any CPU
		{CBB0565E-9BAF-4AD1-8FB3-6DFCFB82249B}.Debug|x64.Build.0 = Debug|Any CPU
		{CBB0565E-9BAF-4AD1-8FB3-6DFCFB82249B}.Debug|x86.ActiveCfg = Debug|Any CPU
		{CBB0565E-9BAF-4AD1-8FB3-6DFCFB82249B}.Debug|x86.Build.0 = Debug|Any CPU
		{CBB0565E-9BAF-4AD1-8FB3-6DFCFB82249B}.Release|Any CPU.ActiveCfg = Release|Any CPU
		{CBB0565E-9BAF-4AD1-8FB3-6DFCFB82249B}.Release|Any CPU.Build.0 = Release|Any CPU
		{CBB0565E-9BAF-4AD1-8FB3-6DFCFB82249B}.Release|x64.ActiveCfg = Release|Any CPU
		{CBB0565E-9BAF-4AD1-8FB3-6DFCFB82249B}.Release|x64.Build.0 = Release|Any CPU
		{CBB0565E-9BAF-4AD1-8FB3-6DFCFB82249B}.Release|x86.ActiveCfg = Release|Any CPU
		{CBB0565E-9BAF-4AD1-8FB3-6DFCFB82249B}.Release|x86.Build.0 = Release|Any CPU
		{14007F53-AB98-489C-B724-4670A7DFA5A8}.Debug|Any CPU.ActiveCfg = Debug|Any CPU
		{14007F53-AB98-489C-B724-4670A7DFA5A8}.Debug|Any CPU.Build.0 = Debug|Any CPU
		{14007F53-AB98-489C-B724-4670A7DFA5A8}.Debug|x64.ActiveCfg = Debug|Any CPU
		{14007F53-AB98-489C-B724-4670A7DFA5A8}.Debug|x64.Build.0 = Debug|Any CPU
		{14007F53-AB98-489C-B724-4670A7DFA5A8}.Debug|x86.ActiveCfg = Debug|Any CPU
		{14007F53-AB98-489C-B724-4670A7DFA5A8}.Debug|x86.Build.0 = Debug|Any CPU
		{14007F53-AB98-489C-B724-4670A7DFA5A8}.Release|Any CPU.ActiveCfg = Release|Any CPU
		{14007F53-AB98-489C-B724-4670A7DFA5A8}.Release|Any CPU.Build.0 = Release|Any CPU
		{14007F53-AB98-489C-B724-4670A7DFA5A8}.Release|x64.ActiveCfg = Release|Any CPU
		{14007F53-AB98-489C-B724-4670A7DFA5A8}.Release|x64.Build.0 = Release|Any CPU
		{14007F53-AB98-489C-B724-4670A7DFA5A8}.Release|x86.ActiveCfg = Release|Any CPU
		{14007F53-AB98-489C-B724-4670A7DFA5A8}.Release|x86.Build.0 = Release|Any CPU
		{B88B4B8C-B8F2-40AE-9456-38F765EA95D3}.Debug|Any CPU.ActiveCfg = Debug|Any CPU
		{B88B4B8C-B8F2-40AE-9456-38F765EA95D3}.Debug|Any CPU.Build.0 = Debug|Any CPU
		{B88B4B8C-B8F2-40AE-9456-38F765EA95D3}.Debug|x64.ActiveCfg = Debug|Any CPU
		{B88B4B8C-B8F2-40AE-9456-38F765EA95D3}.Debug|x64.Build.0 = Debug|Any CPU
		{B88B4B8C-B8F2-40AE-9456-38F765EA95D3}.Debug|x86.ActiveCfg = Debug|Any CPU
		{B88B4B8C-B8F2-40AE-9456-38F765EA95D3}.Debug|x86.Build.0 = Debug|Any CPU
		{B88B4B8C-B8F2-40AE-9456-38F765EA95D3}.Release|Any CPU.ActiveCfg = Release|Any CPU
		{B88B4B8C-B8F2-40AE-9456-38F765EA95D3}.Release|Any CPU.Build.0 = Release|Any CPU
		{B88B4B8C-B8F2-40AE-9456-38F765EA95D3}.Release|x64.ActiveCfg = Release|Any CPU
		{B88B4B8C-B8F2-40AE-9456-38F765EA95D3}.Release|x64.Build.0 = Release|Any CPU
		{B88B4B8C-B8F2-40AE-9456-38F765EA95D3}.Release|x86.ActiveCfg = Release|Any CPU
		{B88B4B8C-B8F2-40AE-9456-38F765EA95D3}.Release|x86.Build.0 = Release|Any CPU
	EndGlobalSection
EndGlobal
